
Microsoft Visual Studio Solution File, Format Version 12.00
# Visual Studio 2012
Project("{FAE04EC0-301F-11D3-BF4B-00C04F79EFBC}") = "JaCoolMVC", "JaCoolMVC\JaCoolMVC.csproj", "{AB7C6E67-ED1E-4330-A0D6-1B54256DAFCE}"
EndProject
Global
	GlobalSection(SolutionConfigurationPlatforms) = preSolution
		Debug|Any CPU = Debug|Any CPU
		Release|Any CPU = Release|Any CPU
	EndGlobalSection
	GlobalSection(ProjectConfigurationPlatforms) = postSolution
		{AB7C6E67-ED1E-4330-A0D6-1B54256DAFCE}.Debug|Any CPU.ActiveCfg = Debug|Any CPU
		{AB7C6E67-ED1E-4330-A0D6-1B54256DAFCE}.Debug|Any CPU.Build.0 = Debug|Any CPU
		{AB7C6E67-ED1E-4330-A0D6-1B54256DAFCE}.Release|Any CPU.ActiveCfg = Release|Any CPU
		{AB7C6E67-ED1E-4330-A0D6-1B54256DAFCE}.Release|Any CPU.Build.0 = Release|Any CPU
	EndGlobalSection
	GlobalSection(SolutionProperties) = preSolution
		HideSolutionNode = FALSE
	EndGlobalSection
EndGlobal
